
Microsoft Visual Studio Solution File, Format Version 12.00
# Visual Studio Version 17
VisualStudioVersion = 17.14.36119.2 d17.14
MinimumVisualStudioVersion = 10.0.40219.1
Project("{FAE04EC0-301F-11D3-BF4B-00C04F79EFBC}") = "QuickChat.MVC", "QuickChat.MVC.csproj", "{FBAA5D9B-6D03-42FC-AFAE-7B4F96C85198}"
EndProject
Global
	GlobalSection(SolutionConfigurationPlatforms) = preSolution
		Debug|Any CPU = Debug|Any CPU
		Release|Any CPU = Release|Any CPU
	EndGlobalSection
	GlobalSection(ProjectConfigurationPlatforms) = postSolution
		{FBAA5D9B-6D03-42FC-AFAE-7B4F96C85198}.Debug|Any CPU.ActiveCfg = Debug|Any CPU
		{FBAA5D9B-6D03-42FC-AFAE-7B4F96C85198}.Debug|Any CPU.Build.0 = Debug|Any CPU
		{FBAA5D9B-6D03-42FC-AFAE-7B4F96C85198}.Release|Any CPU.ActiveCfg = Release|Any CPU
		{FBAA5D9B-6D03-42FC-AFAE-7B4F96C85198}.Release|Any CPU.Build.0 = Release|Any CPU
	EndGlobalSection
	GlobalSection(SolutionProperties) = preSolution
		HideSolutionNode = FALSE
	EndGlobalSection
	GlobalSection(ExtensibilityGlobals) = postSolution
		SolutionGuid = {D8D89E0B-5728-4B87-A93B-0875BF32AE75}
	EndGlobalSection
EndGlobal
